// !$*UTF8*$!
{
	archiveVersion = 1;
	classes = {
	};
	objectVersion = 56;
	objects = {

/* Begin PBXBuildFile section */
		1F1548772A6506920034DAF9 /* CircleImage.swift in Sources */ = {isa = PBXBuildFile; fileRef = 1F1548762A6506910034DAF9 /* CircleImage.swift */; };
		1F1548792A65091C0034DAF9 /* MapView.swift in Sources */ = {isa = PBXBuildFile; fileRef = 1F1548782A65091C0034DAF9 /* MapView.swift */; };
		1F15487D2A657A8D0034DAF9 /* DetailView.swift in Sources */ = {isa = PBXBuildFile; fileRef = 1F15487C2A657A8D0034DAF9 /* DetailView.swift */; };
		1F1548812A66AEB70034DAF9 /* TableView.swift in Sources */ = {isa = PBXBuildFile; fileRef = 1F1548802A66AEB70034DAF9 /* TableView.swift */; };
		1F1548842A66B53C0034DAF9 /* ScrollView1.swift in Sources */ = {isa = PBXBuildFile; fileRef = 1F1548832A66B53C0034DAF9 /* ScrollView1.swift */; };
		1F1548872A66C66C0034DAF9 /* MyParts.swift in Sources */ = {isa = PBXBuildFile; fileRef = 1F1548862A66C66C0034DAF9 /* MyParts.swift */; };
		1F518B482A72B33B00F0DD87 /* MyStore.swift in Sources */ = {isa = PBXBuildFile; fileRef = 1F518B472A72B33B00F0DD87 /* MyStore.swift */; };
		1FCC678F2A641210002AA4C9 /* toshickstudyApp.swift in Sources */ = {isa = PBXBuildFile; fileRef = 1FCC678E2A641210002AA4C9 /* toshickstudyApp.swift */; };
		1FCC67912A641210002AA4C9 /* TopView.swift in Sources */ = {isa = PBXBuildFile; fileRef = 1FCC67902A641210002AA4C9 /* TopView.swift */; };
		1FCC67932A641212002AA4C9 /* Assets.xcassets in Resources */ = {isa = PBXBuildFile; fileRef = 1FCC67922A641212002AA4C9 /* Assets.xcassets */; };
		1FCC67962A641212002AA4C9 /* Preview Assets.xcassets in Resources */ = {isa = PBXBuildFile; fileRef = 1FCC67952A641212002AA4C9 /* Preview Assets.xcassets */; };
		1FCC67A02A641212002AA4C9 /* toshickstudyTests.swift in Sources */ = {isa = PBXBuildFile; fileRef = 1FCC679F2A641212002AA4C9 /* toshickstudyTests.swift */; };
		1FCC67AA2A641212002AA4C9 /* toshickstudyUITests.swift in Sources */ = {isa = PBXBuildFile; fileRef = 1FCC67A92A641212002AA4C9 /* toshickstudyUITests.swift */; };
		1FCC67AC2A641212002AA4C9 /* toshickstudyUITestsLaunchTests.swift in Sources */ = {isa = PBXBuildFile; fileRef = 1FCC67AB2A641212002AA4C9 /* toshickstudyUITestsLaunchTests.swift */; };
/* End PBXBuildFile section */

/* Begin PBXContainerItemProxy section */
		1FCC679C2A641212002AA4C9 /* PBXContainerItemProxy */ = {
			isa = PBXContainerItemProxy;
			containerPortal = 1FCC67832A641210002AA4C9 /* Project object */;
			proxyType = 1;
			remoteGlobalIDString = 1FCC678A2A641210002AA4C9;
			remoteInfo = toshickstudy;
		};
		1FCC67A62A641212002AA4C9 /* PBXContainerItemProxy */ = {
			isa = PBXContainerItemProxy;
			containerPortal = 1FCC67832A641210002AA4C9 /* Project object */;
			proxyType = 1;
			remoteGlobalIDString = 1FCC678A2A641210002AA4C9;
			remoteInfo = toshickstudy;
		};
/* End PBXContainerItemProxy section */

/* Begin PBXFileReference section */
		1F1548762A6506910034DAF9 /* CircleImage.swift */ = {isa = PBXFileReference; lastKnownFileType = sourcecode.swift; path = CircleImage.swift; sourceTree = "<group>"; };
		1F1548782A65091C0034DAF9 /* MapView.swift */ = {isa = PBXFileReference; lastKnownFileType = sourcecode.swift; path = MapView.swift; sourceTree = "<group>"; };
		1F15487C2A657A8D0034DAF9 /* DetailView.swift */ = {isa = PBXFileReference; lastKnownFileType = sourcecode.swift; path = DetailView.swift; sourceTree = "<group>"; };
		1F1548802A66AEB70034DAF9 /* TableView.swift */ = {isa = PBXFileReference; lastKnownFileType = sourcecode.swift; path = TableView.swift; sourceTree = "<group>"; };
		1F1548832A66B53C0034DAF9 /* ScrollView1.swift */ = {isa = PBXFileReference; lastKnownFileType = sourcecode.swift; path = ScrollView1.swift; sourceTree = "<group>"; };
		1F1548862A66C66C0034DAF9 /* MyParts.swift */ = {isa = PBXFileReference; lastKnownFileType = sourcecode.swift; path = MyParts.swift; sourceTree = "<group>"; };
		1F518B472A72B33B00F0DD87 /* MyStore.swift */ = {isa = PBXFileReference; lastKnownFileType = sourcecode.swift; path = MyStore.swift; sourceTree = "<group>"; };
		1FCC678B2A641210002AA4C9 /* toshickstudy.app */ = {isa = PBXFileReference; explicitFileType = wrapper.application; includeInIndex = 0; path = toshickstudy.app; sourceTree = BUILT_PRODUCTS_DIR; };
		1FCC678E2A641210002AA4C9 /* toshickstudyApp.swift */ = {isa = PBXFileReference; lastKnownFileType = sourcecode.swift; path = toshickstudyApp.swift; sourceTree = "<group>"; };
		1FCC67902A641210002AA4C9 /* TopView.swift */ = {isa = PBXFileReference; lastKnownFileType = sourcecode.swift; path = TopView.swift; sourceTree = "<group>"; };
		1FCC67922A641212002AA4C9 /* Assets.xcassets */ = {isa = PBXFileReference; lastKnownFileType = folder.assetcatalog; path = Assets.xcassets; sourceTree = "<group>"; };
		1FCC67952A641212002AA4C9 /* Preview Assets.xcassets */ = {isa = PBXFileReference; lastKnownFileType = folder.assetcatalog; path = "Preview Assets.xcassets"; sourceTree = "<group>"; };
		1FCC679B2A641212002AA4C9 /* toshickstudyTests.xctest */ = {isa = PBXFileReference; explicitFileType = wrapper.cfbundle; includeInIndex = 0; path = toshickstudyTests.xctest; sourceTree = BUILT_PRODUCTS_DIR; };
		1FCC679F2A641212002AA4C9 /* toshickstudyTests.swift */ = {isa = PBXFileReference; lastKnownFileType = sourcecode.swift; path = toshickstudyTests.swift; sourceTree = "<group>"; };
		1FCC67A52A641212002AA4C9 /* toshickstudyUITests.xctest */ = {isa = PBXFileReference; explicitFileType = wrapper.cfbundle; includeInIndex = 0; path = toshickstudyUITests.xctest; sourceTree = BUILT_PRODUCTS_DIR; };
		1FCC67A92A641212002AA4C9 /* toshickstudyUITests.swift */ = {isa = PBXFileReference; lastKnownFileType = sourcecode.swift; path = toshickstudyUITests.swift; sourceTree = "<group>"; };
		1FCC67AB2A641212002AA4C9 /* toshickstudyUITestsLaunchTests.swift */ = {isa = PBXFileReference; lastKnownFileType = sourcecode.swift; path = toshickstudyUITestsLaunchTests.swift; sourceTree = "<group>"; };
/* End PBXFileReference section */

/* Begin PBXFrameworksBuildPhase section */
		1FCC67882A641210002AA4C9 /* Frameworks */ = {
			isa = PBXFrameworksBuildPhase;
			buildActionMask = 2147483647;
			files = (
			);
			runOnlyForDeploymentPostprocessing = 0;
		};
		1FCC67982A641212002AA4C9 /* Frameworks */ = {
			isa = PBXFrameworksBuildPhase;
			buildActionMask = 2147483647;
			files = (
			);
			runOnlyForDeploymentPostprocessing = 0;
		};
		1FCC67A22A641212002AA4C9 /* Frameworks */ = {
			isa = PBXFrameworksBuildPhase;
			buildActionMask = 2147483647;
			files = (
			);
			runOnlyForDeploymentPostprocessing = 0;
		};
/* End PBXFrameworksBuildPhase section */

/* Begin PBXGroup section */
		1F15487A2A6578A00034DAF9 /* top */ = {
			isa = PBXGroup;
			children = (
				1FCC67902A641210002AA4C9 /* TopView.swift */,
				1F1548782A65091C0034DAF9 /* MapView.swift */,
				1F1548762A6506910034DAF9 /* CircleImage.swift */,
				1F1548802A66AEB70034DAF9 /* TableView.swift */,
			);
			path = top;
			sourceTree = "<group>";
		};
		1F15487B2A657A660034DAF9 /* detail */ = {
			isa = PBXGroup;
			children = (
				1F15487C2A657A8D0034DAF9 /* DetailView.swift */,
			);
			path = detail;
			sourceTree = "<group>";
		};
		1F1548822A66B51B0034DAF9 /* scroll */ = {
			isa = PBXGroup;
			children = (
				1F1548832A66B53C0034DAF9 /* ScrollView1.swift */,
			);
			path = scroll;
			sourceTree = "<group>";
		};
		1F1548852A66C65B0034DAF9 /* parts */ = {
			isa = PBXGroup;
			children = (
				1F1548862A66C66C0034DAF9 /* MyParts.swift */,
			);
			path = parts;
			sourceTree = "<group>";
		};
		1F518B462A72B32000F0DD87 /* store */ = {
			isa = PBXGroup;
			children = (
				1F518B472A72B33B00F0DD87 /* MyStore.swift */,
			);
			path = store;
			sourceTree = "<group>";
		};
		1FCC67822A641210002AA4C9 = {
			isa = PBXGroup;
			children = (
				1FCC678D2A641210002AA4C9 /* toshickstudy */,
				1FCC679E2A641212002AA4C9 /* toshickstudyTests */,
				1FCC67A82A641212002AA4C9 /* toshickstudyUITests */,
				1FCC678C2A641210002AA4C9 /* Products */,
			);
			sourceTree = "<group>";
		};
		1FCC678C2A641210002AA4C9 /* Products */ = {
			isa = PBXGroup;
			children = (
				1FCC678B2A641210002AA4C9 /* toshickstudy.app */,
				1FCC679B2A641212002AA4C9 /* toshickstudyTests.xctest */,
				1FCC67A52A641212002AA4C9 /* toshickstudyUITests.xctest */,
			);
			name = Products;
			sourceTree = "<group>";
		};
		1FCC678D2A641210002AA4C9 /* toshickstudy */ = {
			isa = PBXGroup;
			children = (
				1F518B462A72B32000F0DD87 /* store */,
				1F1548852A66C65B0034DAF9 /* parts */,
				1F1548822A66B51B0034DAF9 /* scroll */,
				1F15487B2A657A660034DAF9 /* detail */,
				1F15487A2A6578A00034DAF9 /* top */,
				1FCC678E2A641210002AA4C9 /* toshickstudyApp.swift */,
				1FCC67922A641212002AA4C9 /* Assets.xcassets */,
				1FCC67942A641212002AA4C9 /* Preview Content */,
			);
			path = toshickstudy;
			sourceTree = "<group>";
		};
		1FCC67942A641212002AA4C9 /* Preview Content */ = {
			isa = PBXGroup;
			children = (
				1FCC67952A641212002AA4C9 /* Preview Assets.xcassets */,
			);
			path = "Preview Content";
			sourceTree = "<group>";
		};
		1FCC679E2A641212002AA4C9 /* toshickstudyTests */ = {
			isa = PBXGroup;
			children = (
				1FCC679F2A641212002AA4C9 /* toshickstudyTests.swift */,
			);
			path = toshickstudyTests;
			sourceTree = "<group>";
		};
		1FCC67A82A641212002AA4C9 /* toshickstudyUITests */ = {
			isa = PBXGroup;
			children = (
				1FCC67A92A641212002AA4C9 /* toshickstudyUITests.swift */,
				1FCC67AB2A641212002AA4C9 /* toshickstudyUITestsLaunchTests.swift */,
			);
			path = toshickstudyUITests;
			sourceTree = "<group>";
		};
/* End PBXGroup section */

/* Begin PBXNativeTarget section */
		1FCC678A2A641210002AA4C9 /* toshickstudy */ = {
			isa = PBXNativeTarget;
			buildConfigurationList = 1FCC67AF2A641212002AA4C9 /* Build configuration list for PBXNativeTarget "toshickstudy" */;
			buildPhases = (
				1FCC67872A641210002AA4C9 /* Sources */,
				1FCC67882A641210002AA4C9 /* Frameworks */,
				1FCC67892A641210002AA4C9 /* Resources */,
			);
			buildRules = (
			);
			dependencies = (
			);
			name = toshickstudy;
			productName = toshickstudy;
			productReference = 1FCC678B2A641210002AA4C9 /* toshickstudy.app */;
			productType = "com.apple.product-type.application";
		};
		1FCC679A2A641212002AA4C9 /* toshickstudyTests */ = {
			isa = PBXNativeTarget;
			buildConfigurationList = 1FCC67B22A641212002AA4C9 /* Build configuration list for PBXNativeTarget "toshickstudyTests" */;
			buildPhases = (
				1FCC67972A641212002AA4C9 /* Sources */,
				1FCC67982A641212002AA4C9 /* Frameworks */,
				1FCC67992A641212002AA4C9 /* Resources */,
			);
			buildRules = (
			);
			dependencies = (
				1FCC679D2A641212002AA4C9 /* PBXTargetDependency */,
			);
			name = toshickstudyTests;
			productName = toshickstudyTests;
			productReference = 1FCC679B2A641212002AA4C9 /* toshickstudyTests.xctest */;
			productType = "com.apple.product-type.bundle.unit-test";
		};
		1FCC67A42A641212002AA4C9 /* toshickstudyUITests */ = {
			isa = PBXNativeTarget;
			buildConfigurationList = 1FCC67B52A641212002AA4C9 /* Build configuration list for PBXNativeTarget "toshickstudyUITests" */;
			buildPhases = (
				1FCC67A12A641212002AA4C9 /* Sources */,
				1FCC67A22A641212002AA4C9 /* Frameworks */,
				1FCC67A32A641212002AA4C9 /* Resources */,
			);
			buildRules = (
			);
			dependencies = (
				1FCC67A72A641212002AA4C9 /* PBXTargetDependency */,
			);
			name = toshickstudyUITests;
			productName = toshickstudyUITests;
			productReference = 1FCC67A52A641212002AA4C9 /* toshickstudyUITests.xctest */;
			productType = "com.apple.product-type.bundle.ui-testing";
		};
/* End PBXNativeTarget section */

/* Begin PBXProject section */
		1FCC67832A641210002AA4C9 /* Project object */ = {
			isa = PBXProject;
			attributes = {
				BuildIndependentTargetsInParallel = 1;
				LastSwiftUpdateCheck = 1430;
				LastUpgradeCheck = 1430;
				TargetAttributes = {
					1FCC678A2A641210002AA4C9 = {
						CreatedOnToolsVersion = 14.3.1;
					};
					1FCC679A2A641212002AA4C9 = {
						CreatedOnToolsVersion = 14.3.1;
						TestTargetID = 1FCC678A2A641210002AA4C9;
					};
					1FCC67A42A641212002AA4C9 = {
						CreatedOnToolsVersion = 14.3.1;
						TestTargetID = 1FCC678A2A641210002AA4C9;
					};
				};
			};
			buildConfigurationList = 1FCC67862A641210002AA4C9 /* Build configuration list for PBXProject "toshickstudy" */;
			compatibilityVersion = "Xcode 14.0";
			developmentRegion = en;
			hasScannedForEncodings = 0;
			knownRegions = (
				en,
				Base,
			);
			mainGroup = 1FCC67822A641210002AA4C9;
			productRefGroup = 1FCC678C2A641210002AA4C9 /* Products */;
			projectDirPath = "";
			projectRoot = "";
			targets = (
				1FCC678A2A641210002AA4C9 /* toshickstudy */,
				1FCC679A2A641212002AA4C9 /* toshickstudyTests */,
				1FCC67A42A641212002AA4C9 /* toshickstudyUITests */,
			);
		};
/* End PBXProject section */

/* Begin PBXResourcesBuildPhase section */
		1FCC67892A641210002AA4C9 /* Resources */ = {
			isa = PBXResourcesBuildPhase;
			buildActionMask = 2147483647;
			files = (
				1FCC67962A641212002AA4C9 /* Preview Assets.xcassets in Resources */,
				1FCC67932A641212002AA4C9 /* Assets.xcassets in Resources */,
			);
			runOnlyForDeploymentPostprocessing = 0;
		};
		1FCC67992A641212002AA4C9 /* Resources */ = {
			isa = PBXResourcesBuildPhase;
			buildActionMask = 2147483647;
			files = (
			);
			runOnlyForDeploymentPostprocessing = 0;
		};
		1FCC67A32A641212002AA4C9 /* Resources */ = {
			isa = PBXResourcesBuildPhase;
			buildActionMask = 2147483647;
			files = (
			);
			runOnlyForDeploymentPostprocessing = 0;
		};
/* End PBXResourcesBuildPhase section */

/* Begin PBXSourcesBuildPhase section */
		1FCC67872A641210002AA4C9 /* Sources */ = {
			isa = PBXSourcesBuildPhase;
			buildActionMask = 2147483647;
			files = (
				1F1548872A66C66C0034DAF9 /* MyParts.swift in Sources */,
				1F1548842A66B53C0034DAF9 /* ScrollView1.swift in Sources */,
				1F518B482A72B33B00F0DD87 /* MyStore.swift in Sources */,
				1FCC67912A641210002AA4C9 /* TopView.swift in Sources */,
				1F1548812A66AEB70034DAF9 /* TableView.swift in Sources */,
				1F1548792A65091C0034DAF9 /* MapView.swift in Sources */,
				1FCC678F2A641210002AA4C9 /* toshickstudyApp.swift in Sources */,
				1F15487D2A657A8D0034DAF9 /* DetailView.swift in Sources */,
				1F1548772A6506920034DAF9 /* CircleImage.swift in Sources */,
			);
			runOnlyForDeploymentPostprocessing = 0;
		};
		1FCC67972A641212002AA4C9 /* Sources */ = {
			isa = PBXSourcesBuildPhase;
			buildActionMask = 2147483647;
			files = (
				1FCC67A02A641212002AA4C9 /* toshickstudyTests.swift in Sources */,
			);
			runOnlyForDeploymentPostprocessing = 0;
		};
		1FCC67A12A641212002AA4C9 /* Sources */ = {
			isa = PBXSourcesBuildPhase;
			buildActionMask = 2147483647;
			files = (
				1FCC67AC2A641212002AA4C9 /* toshickstudyUITestsLaunchTests.swift in Sources */,
				1FCC67AA2A641212002AA4C9 /* toshickstudyUITests.swift in Sources */,
			);
			runOnlyForDeploymentPostprocessing = 0;
		};
/* End PBXSourcesBuildPhase section */

/* Begin PBXTargetDependency section */
		1FCC679D2A641212002AA4C9 /* PBXTargetDependency */ = {
			isa = PBXTargetDependency;
			target = 1FCC678A2A641210002AA4C9 /* toshickstudy */;
			targetProxy = 1FCC679C2A641212002AA4C9 /* PBXContainerItemProxy */;
		};
		1FCC67A72A641212002AA4C9 /* PBXTargetDependency */ = {
			isa = PBXTargetDependency;
			target = 1FCC678A2A641210002AA4C9 /* toshickstudy */;
			targetProxy = 1FCC67A62A641212002AA4C9 /* PBXContainerItemProxy */;
		};
/* End PBXTargetDependency section */

/* Begin XCBuildConfiguration section */
		1FCC67AD2A641212002AA4C9 /* Debug */ = {
			isa = XCBuildConfiguration;
			buildSettings = {
				ALWAYS_SEARCH_USER_PATHS = NO;
				CLANG_ANALYZER_NONNULL = YES;
				CLANG_ANALYZER_NUMBER_OBJECT_CONVERSION = YES_AGGRESSIVE;
				CLANG_CXX_LANGUAGE_STANDARD = "gnu++20";
				CLANG_ENABLE_MODULES = YES;
				CLANG_ENABLE_OBJC_ARC = YES;
				CLANG_ENABLE_OBJC_WEAK = YES;
				CLANG_WARN_BLOCK_CAPTURE_AUTORELEASING = YES;
				CLANG_WARN_BOOL_CONVERSION = YES;
				CLANG_WARN_COMMA = YES;
				CLANG_WARN_CONSTANT_CONVERSION = YES;
				CLANG_WARN_DEPRECATED_OBJC_IMPLEMENTATIONS = YES;
				CLANG_WARN_DIRECT_OBJC_ISA_USAGE = YES_ERROR;
				CLANG_WARN_DOCUMENTATION_COMMENTS = YES;
				CLANG_WARN_EMPTY_BODY = YES;
				CLANG_WARN_ENUM_CONVERSION = YES;
				CLANG_WARN_INFINITE_RECURSION = YES;
				CLANG_WARN_INT_CONVERSION = YES;
				CLANG_WARN_NON_LITERAL_NULL_CONVERSION = YES;
				CLANG_WARN_OBJC_IMPLICIT_RETAIN_SELF = YES;
				CLANG_WARN_OBJC_LITERAL_CONVERSION = YES;
				CLANG_WARN_OBJC_ROOT_CLASS = YES_ERROR;
				CLANG_WARN_QUOTED_INCLUDE_IN_FRAMEWORK_HEADER = YES;
				CLANG_WARN_RANGE_LOOP_ANALYSIS = YES;
				CLANG_WARN_STRICT_PROTOTYPES = YES;
				CLANG_WARN_SUSPICIOUS_MOVE = YES;
				CLANG_WARN_UNGUARDED_AVAILABILITY = YES_AGGRESSIVE;
				CLANG_WARN_UNREACHABLE_CODE = YES;
				CLANG_WARN__DUPLICATE_METHOD_MATCH = YES;
				COPY_PHASE_STRIP = NO;
				DEBUG_INFORMATION_FORMAT = dwarf;
				ENABLE_STRICT_OBJC_MSGSEND = YES;
				ENABLE_TESTABILITY = YES;
				GCC_C_LANGUAGE_STANDARD = gnu11;
				GCC_DYNAMIC_NO_PIC = NO;
				GCC_NO_COMMON_BLOCKS = YES;
				GCC_OPTIMIZATION_LEVEL = 0;
				GCC_PREPROCESSOR_DEFINITIONS = (
					"DEBUG=1",
					"$(inherited)",
				);
				GCC_WARN_64_TO_32_BIT_CONVERSION = YES;
				GCC_WARN_ABOUT_RETURN_TYPE = YES_ERROR;
				GCC_WARN_UNDECLARED_SELECTOR = YES;
				GCC_WARN_UNINITIALIZED_AUTOS = YES_AGGRESSIVE;
				GCC_WARN_UNUSED_FUNCTION = YES;
				GCC_WARN_UNUSED_VARIABLE = YES;
				IPHONEOS_DEPLOYMENT_TARGET = 16.4;
				MTL_ENABLE_DEBUG_INFO = INCLUDE_SOURCE;
				MTL_FAST_MATH = YES;
				ONLY_ACTIVE_ARCH = YES;
				SDKROOT = iphoneos;
				SWIFT_ACTIVE_COMPILATION_CONDITIONS = DEBUG;
				SWIFT_OPTIMIZATION_LEVEL = "-Onone";
			};
			name = Debug;
		};
		1FCC67AE2A641212002AA4C9 /* Release */ = {
			isa = XCBuildConfiguration;
			buildSettings = {
				ALWAYS_SEARCH_USER_PATHS = NO;
				CLANG_ANALYZER_NONNULL = YES;
				CLANG_ANALYZER_NUMBER_OBJECT_CONVERSION = YES_AGGRESSIVE;
				CLANG_CXX_LANGUAGE_STANDARD = "gnu++20";
				CLANG_ENABLE_MODULES = YES;
				CLANG_ENABLE_OBJC_ARC = YES;
				CLANG_ENABLE_OBJC_WEAK = YES;
				CLANG_WARN_BLOCK_CAPTURE_AUTORELEASING = YES;
				CLANG_WARN_BOOL_CONVERSION = YES;
				CLANG_WARN_COMMA = YES;
				CLANG_WARN_CONSTANT_CONVERSION = YES;
				CLANG_WARN_DEPRECATED_OBJC_IMPLEMENTATIONS = YES;
				CLANG_WARN_DIRECT_OBJC_ISA_USAGE = YES_ERROR;
				CLANG_WARN_DOCUMENTATION_COMMENTS = YES;
				CLANG_WARN_EMPTY_BODY = YES;
				CLANG_WARN_ENUM_CONVERSION = YES;
				CLANG_WARN_INFINITE_RECURSION = YES;
				CLANG_WARN_INT_CONVERSION = YES;
				CLANG_WARN_NON_LITERAL_NULL_CONVERSION = YES;
				CLANG_WARN_OBJC_IMPLICIT_RETAIN_SELF = YES;
				CLANG_WARN_OBJC_LITERAL_CONVERSION = YES;
				CLANG_WARN_OBJC_ROOT_CLASS = YES_ERROR;
				CLANG_WARN_QUOTED_INCLUDE_IN_FRAMEWORK_HEADER = YES;
				CLANG_WARN_RANGE_LOOP_ANALYSIS = YES;
				CLANG_WARN_STRICT_PROTOTYPES = YES;
				CLANG_WARN_SUSPICIOUS_MOVE = YES;
				CLANG_WARN_UNGUARDED_AVAILABILITY = YES_AGGRESSIVE;
				CLANG_WARN_UNREACHABLE_CODE = YES;
				CLANG_WARN__DUPLICATE_METHOD_MATCH = YES;
				COPY_PHASE_STRIP = NO;
				DEBUG_INFORMATION_FORMAT = "dwarf-with-dsym";
				ENABLE_NS_ASSERTIONS = NO;
				ENABLE_STRICT_OBJC_MSGSEND = YES;
				GCC_C_LANGUAGE_STANDARD = gnu11;
				GCC_NO_COMMON_BLOCKS = YES;
				GCC_WARN_64_TO_32_BIT_CONVERSION = YES;
				GCC_WARN_ABOUT_RETURN_TYPE = YES_ERROR;
				GCC_WARN_UNDECLARED_SELECTOR = YES;
				GCC_WARN_UNINITIALIZED_AUTOS = YES_AGGRESSIVE;
				GCC_WARN_UNUSED_FUNCTION = YES;
				GCC_WARN_UNUSED_VARIABLE = YES;
				IPHONEOS_DEPLOYMENT_TARGET = 16.4;
				MTL_ENABLE_DEBUG_INFO = NO;
				MTL_FAST_MATH = YES;
				SDKROOT = iphoneos;
				SWIFT_COMPILATION_MODE = wholemodule;
				SWIFT_OPTIMIZATION_LEVEL = "-O";
				VALIDATE_PRODUCT = YES;
			};
			name = Release;
		};
		1FCC67B02A641212002AA4C9 /* Debug */ = {
			isa = XCBuildConfiguration;
			buildSettings = {
				ASSETCATALOG_COMPILER_APPICON_NAME = AppIcon;
				ASSETCATALOG_COMPILER_GLOBAL_ACCENT_COLOR_NAME = AccentColor;
				CODE_SIGN_STYLE = Automatic;
				CURRENT_PROJECT_VERSION = 1;
				DEVELOPMENT_ASSET_PATHS = "\"toshickstudy/Preview Content\"";
				DEVELOPMENT_TEAM = AH7Q7F7F9C;
				ENABLE_PREVIEWS = YES;
				GENERATE_INFOPLIST_FILE = YES;
				INFOPLIST_KEY_UIApplicationSceneManifest_Generation = YES;
				INFOPLIST_KEY_UIApplicationSupportsIndirectInputEvents = YES;
				INFOPLIST_KEY_UILaunchScreen_Generation = YES;
				INFOPLIST_KEY_UISupportedInterfaceOrientations_iPad = "UIInterfaceOrientationPortrait UIInterfaceOrientationPortraitUpsideDown UIInterfaceOrientationLandscapeLeft UIInterfaceOrientationLandscapeRight";
				INFOPLIST_KEY_UISupportedInterfaceOrientations_iPhone = "UIInterfaceOrientationPortrait UIInterfaceOrientationLandscapeLeft UIInterfaceOrientationLandscapeRight";
				LD_RUNPATH_SEARCH_PATHS = (
					"$(inherited)",
					"@executable_path/Frameworks",
				);
				MARKETING_VERSION = 1.0;
				PRODUCT_BUNDLE_IDENTIFIER = com.toshick.toshickstudy;
				PRODUCT_NAME = "$(TARGET_NAME)";
				SWIFT_EMIT_LOC_STRINGS = YES;
				SWIFT_VERSION = 5.0;
				TARGETED_DEVICE_FAMILY = "1,2";
			};
			name = Debug;
		};
		1FCC67B12A641212002AA4C9 /* Release */ = {
			isa = XCBuildConfiguration;
			buildSettings = {
				ASSETCATALOG_COMPILER_APPICON_NAME = AppIcon;
				ASSETCATALOG_COMPILER_GLOBAL_ACCENT_COLOR_NAME = AccentColor;
				CODE_SIGN_STYLE = Automatic;
				CURRENT_PROJECT_VERSION = 1;
				DEVELOPMENT_ASSET_PATHS = "\"toshickstudy/Preview Content\"";
				DEVELOPMENT_TEAM = AH7Q7F7F9C;
				ENABLE_PREVIEWS = YES;
				GENERATE_INFOPLIST_FILE = YES;
				INFOPLIST_KEY_UIApplicationSceneManifest_Generation = YES;
				INFOPLIST_KEY_UIApplicationSupportsIndirectInputEvents = YES;
				INFOPLIST_KEY_UILaunchScreen_Generation = YES;
				INFOPLIST_KEY_UISupportedInterfaceOrientations_iPad = "UIInterfaceOrientationPortrait UIInterfaceOrientationPortraitUpsideDown UIInterfaceOrientationLandscapeLeft UIInterfaceOrientationLandscapeRight";
				INFOPLIST_KEY_UISupportedInterfaceOrientations_iPhone = "UIInterfaceOrientationPortrait UIInterfaceOrientationLandscapeLeft UIInterfaceOrientationLandscapeRight";
				LD_RUNPATH_SEARCH_PATHS = (
					"$(inherited)",
					"@executable_path/Frameworks",
				);
				MARKETING_VERSION = 1.0;
				PRODUCT_BUNDLE_IDENTIFIER = com.toshick.toshickstudy;
				PRODUCT_NAME = "$(TARGET_NAME)";
				SWIFT_EMIT_LOC_STRINGS = YES;
				SWIFT_VERSION = 5.0;
				TARGETED_DEVICE_FAMILY = "1,2";
			};
			name = Release;
		};
		1FCC67B32A641212002AA4C9 /* Debug */ = {
			isa = XCBuildConfiguration;
			buildSettings = {
				ALWAYS_EMBED_SWIFT_STANDARD_LIBRARIES = YES;
				BUNDLE_LOADER = "$(TEST_HOST)";
				CODE_SIGN_STYLE = Automatic;
				CURRENT_PROJECT_VERSION = 1;
				DEVELOPMENT_TEAM = AH7Q7F7F9C;
				GENERATE_INFOPLIST_FILE = YES;
				IPHONEOS_DEPLOYMENT_TARGET = 16.4;
				MARKETING_VERSION = 1.0;
				PRODUCT_BUNDLE_IDENTIFIER = com.toshick.toshickstudyTests;
				PRODUCT_NAME = "$(TARGET_NAME)";
				SWIFT_EMIT_LOC_STRINGS = NO;
				SWIFT_VERSION = 5.0;
				TARGETED_DEVICE_FAMILY = "1,2";
				TEST_HOST = "$(BUILT_PRODUCTS_DIR)/toshickstudy.app/$(BUNDLE_EXECUTABLE_FOLDER_PATH)/toshickstudy";
			};
			name = Debug;
		};
		1FCC67B42A641212002AA4C9 /* Release */ = {
			isa = XCBuildConfiguration;
			buildSettings = {
				ALWAYS_EMBED_SWIFT_STANDARD_LIBRARIES = YES;
				BUNDLE_LOADER = "$(TEST_HOST)";
				CODE_SIGN_STYLE = Automatic;
				CURRENT_PROJECT_VERSION = 1;
				DEVELOPMENT_TEAM = AH7Q7F7F9C;
				GENERATE_INFOPLIST_FILE = YES;
				IPHONEOS_DEPLOYMENT_TARGET = 16.4;
				MARKETING_VERSION = 1.0;
				PRODUCT_BUNDLE_IDENTIFIER = com.toshick.toshickstudyTests;
				PRODUCT_NAME = "$(TARGET_NAME)";
				SWIFT_EMIT_LOC_STRINGS = NO;
				SWIFT_VERSION = 5.0;
				TARGETED_DEVICE_FAMILY = "1,2";
				TEST_HOST = "$(BUILT_PRODUCTS_DIR)/toshickstudy.app/$(BUNDLE_EXECUTABLE_FOLDER_PATH)/toshickstudy";
			};
			name = Release;
		};
		1FCC67B62A641212002AA4C9 /* Debug */ = {
			isa = XCBuildConfiguration;
			buildSettings = {
				ALWAYS_EMBED_SWIFT_STANDARD_LIBRARIES = YES;
				CODE_SIGN_STYLE = Automatic;
				CURRENT_PROJECT_VERSION = 1;
				DEVELOPMENT_TEAM = AH7Q7F7F9C;
				GENERATE_INFOPLIST_FILE = YES;
				MARKETING_VERSION = 1.0;
				PRODUCT_BUNDLE_IDENTIFIER = com.toshick.toshickstudyUITests;
				PRODUCT_NAME = "$(TARGET_NAME)";
				SWIFT_EMIT_LOC_STRINGS = NO;
				SWIFT_VERSION = 5.0;
				TARGETED_DEVICE_FAMILY = "1,2";
				TEST_TARGET_NAME = toshickstudy;
			};
			name = Debug;
		};
		1FCC67B72A641212002AA4C9 /* Release */ = {
			isa = XCBuildConfiguration;
			buildSettings = {
				ALWAYS_EMBED_SWIFT_STANDARD_LIBRARIES = YES;
				CODE_SIGN_STYLE = Automatic;
				CURRENT_PROJECT_VERSION = 1;
				DEVELOPMENT_TEAM = AH7Q7F7F9C;
				GENERATE_INFOPLIST_FILE = YES;
				MARKETING_VERSION = 1.0;
				PRODUCT_BUNDLE_IDENTIFIER = com.toshick.toshickstudyUITests;
				PRODUCT_NAME = "$(TARGET_NAME)";
				SWIFT_EMIT_LOC_STRINGS = NO;
				SWIFT_VERSION = 5.0;
				TARGETED_DEVICE_FAMILY = "1,2";
				TEST_TARGET_NAME = toshickstudy;
			};
			name = Release;
		};
/* End XCBuildConfiguration section */

/* Begin XCConfigurationList section */
		1FCC67862A641210002AA4C9 /* Build configuration list for PBXProject "toshickstudy" */ = {
			isa = XCConfigurationList;
			buildConfigurations = (
				1FCC67AD2A641212002AA4C9 /* Debug */,
				1FCC67AE2A641212002AA4C9 /* Release */,
			);
			defaultConfigurationIsVisible = 0;
			defaultConfigurationName = Release;
		};
		1FCC67AF2A641212002AA4C9 /* Build configuration list for PBXNativeTarget "toshickstudy" */ = {
			isa = XCConfigurationList;
			buildConfigurations = (
				1FCC67B02A641212002AA4C9 /* Debug */,
				1FCC67B12A641212002AA4C9 /* Release */,
			);
			defaultConfigurationIsVisible = 0;
			defaultConfigurationName = Release;
		};
		1FCC67B22A641212002AA4C9 /* Build configuration list for PBXNativeTarget "toshickstudyTests" */ = {
			isa = XCConfigurationList;
			buildConfigurations = (
				1FCC67B32A641212002AA4C9 /* Debug */,
				1FCC67B42A641212002AA4C9 /* Release */,
			);
			defaultConfigurationIsVisible = 0;
			defaultConfigurationName = Release;
		};
		1FCC67B52A641212002AA4C9 /* Build configuration list for PBXNativeTarget "toshickstudyUITests" */ = {
			isa = XCConfigurationList;
			buildConfigurations = (
				1FCC67B62A641212002AA4C9 /* Debug */,
				1FCC67B72A641212002AA4C9 /* Release */,
			);
			defaultConfigurationIsVisible = 0;
			defaultConfigurationName = Release;
		};
/* End XCConfigurationList section */
	};
	rootObject = 1FCC67832A641210002AA4C9 /* Project object */;
}
